
Microsoft Visual Studio Solution File, Format Version 12.00
# Visual Studio Version 16
VisualStudioVersion = 16.0.31729.503
MinimumVisualStudioVersion = 10.0.40219.1
Project("{FAE04EC0-301F-11D3-BF4B-00C04F79EFBC}") = "Exercises_OOP_03_02_2022", "Exercises_OOP_03_02_2022.csproj", "{44D39C7B-C6A8-4AA5-813C-2AF241F06BAA}"
EndProject
Global
	GlobalSection(SolutionConfigurationPlatforms) = preSolution
		Debug|Any CPU = Debug|Any CPU
		Release|Any CPU = Release|Any CPU
	EndGlobalSection
	GlobalSection(ProjectConfigurationPlatforms) = postSolution
		{44D39C7B-C6A8-4AA5-813C-2AF241F06BAA}.Debug|Any CPU.ActiveCfg = Debug|Any CPU
		{44D39C7B-C6A8-4AA5-813C-2AF241F06BAA}.Debug|Any CPU.Build.0 = Debug|Any CPU
		{44D39C7B-C6A8-4AA5-813C-2AF241F06BAA}.Release|Any CPU.ActiveCfg = Release|Any CPU
		{44D39C7B-C6A8-4AA5-813C-2AF241F06BAA}.Release|Any CPU.Build.0 = Release|Any CPU
	EndGlobalSection
	GlobalSection(SolutionProperties) = preSolution
		HideSolutionNode = FALSE
	EndGlobalSection
	GlobalSection(ExtensibilityGlobals) = postSolution
		SolutionGuid = {6A3D8BB8-D75B-4047-A616-D6E07268C74A}
	EndGlobalSection
EndGlobal
